
Microsoft Visual Studio Solution File, Format Version 12.00
# Visual Studio Version 17
VisualStudioVersion = 17.4.33205.214
MinimumVisualStudioVersion = 10.0.40219.1
Project("{888888A0-9F3D-457C-B088-3A5042F75D52}") = "raas", "Parisien\raas.pyproj", "{5FB2CBEF-4860-42D7-9568-C534D1BE073F}"
EndProject
Global
	GlobalSection(SolutionConfigurationPlatforms) = preSolution
		Debug|Any CPU = Debug|Any CPU
		Release|Any CPU = Release|Any CPU
	EndGlobalSection
	GlobalSection(ProjectConfigurationPlatforms) = postSolution
		{5FB2CBEF-4860-42D7-9568-C534D1BE073F}.Debug|Any CPU.ActiveCfg = Debug|Any CPU
		{5FB2CBEF-4860-42D7-9568-C534D1BE073F}.Release|Any CPU.ActiveCfg = Release|Any CPU
	EndGlobalSection
	GlobalSection(SolutionProperties) = preSolution
		HideSolutionNode = FALSE
	EndGlobalSection
	GlobalSection(ExtensibilityGlobals) = postSolution
		SolutionGuid = {AC21DDEB-1ADC-4684-B06E-F9C6A5676734}
	EndGlobalSection
EndGlobal
